
Microsoft Visual Studio Solution File, Format Version 12.00
# Visual Studio 15
VisualStudioVersion = 15.0.27130.2010
MinimumVisualStudioVersion = 10.0.40219.1
Project("{FAE04EC0-301F-11D3-BF4B-00C04F79EFBC}") = "DelegateCommandDemo", "DelegateCommandDemo\DelegateCommandDemo.csproj", "{53467697-E847-48A0-8138-CFA0F7CDBC3E}"
EndProject
Global
	GlobalSection(SolutionConfigurationPlatforms) = preSolution
		Debug|Any CPU = Debug|Any CPU
		Release|Any CPU = Release|Any CPU
	EndGlobalSection
	GlobalSection(ProjectConfigurationPlatforms) = postSolution
		{53467697-E847-48A0-8138-CFA0F7CDBC3E}.Debug|Any CPU.ActiveCfg = Debug|Any CPU
		{53467697-E847-48A0-8138-CFA0F7CDBC3E}.Debug|Any CPU.Build.0 = Debug|Any CPU
		{53467697-E847-48A0-8138-CFA0F7CDBC3E}.Release|Any CPU.ActiveCfg = Release|Any CPU
		{53467697-E847-48A0-8138-CFA0F7CDBC3E}.Release|Any CPU.Build.0 = Release|Any CPU
	EndGlobalSection
	GlobalSection(SolutionProperties) = preSolution
		HideSolutionNode = FALSE
	EndGlobalSection
	GlobalSection(ExtensibilityGlobals) = postSolution
		SolutionGuid = {0EDE9687-952E-4AB7-98A7-34BE6DE077BB}
	EndGlobalSection
EndGlobal
